// !$*UTF8*$!
{
	archiveVersion = 1;
	classes = {
	};
	objectVersion = 52;
	objects = {

/* Begin PBXBuildFile section */
		334849C125FBD7AF005C0AC9 /* RootViewController.swift in Sources */ = {isa = PBXBuildFile; fileRef = 334849C025FBD7AF005C0AC9 /* RootViewController.swift */; };
		339F021925FAD97B00BCD039 /* AppDelegate.swift in Sources */ = {isa = PBXBuildFile; fileRef = 339F021825FAD97B00BCD039 /* AppDelegate.swift */; };
		339F021B25FAD97B00BCD039 /* SceneDelegate.swift in Sources */ = {isa = PBXBuildFile; fileRef = 339F021A25FAD97B00BCD039 /* SceneDelegate.swift */; };
		339F021D25FAD97B00BCD039 /* ZoomyViewController.swift in Sources */ = {isa = PBXBuildFile; fileRef = 339F021C25FAD97B00BCD039 /* ZoomyViewController.swift */; };
		339F022025FAD97B00BCD039 /* Main.storyboard in Resources */ = {isa = PBXBuildFile; fileRef = 339F021E25FAD97B00BCD039 /* Main.storyboard */; };
		339F022225FAD97C00BCD039 /* Assets.xcassets in Resources */ = {isa = PBXBuildFile; fileRef = 339F022125FAD97C00BCD039 /* Assets.xcassets */; };
		339F022525FAD97C00BCD039 /* LaunchScreen.storyboard in Resources */ = {isa = PBXBuildFile; fileRef = 339F022325FAD97C00BCD039 /* LaunchScreen.storyboard */; };
		339F022E25FAE0B600BCD039 /* UIView+Constraint.swift in Sources */ = {isa = PBXBuildFile; fileRef = 339F022D25FAE0B600BCD039 /* UIView+Constraint.swift */; };
		339F023225FAEDB800BCD039 /* VectorExtor in Frameworks */ = {isa = PBXBuildFile; productRef = 339F023125FAEDB800BCD039 /* VectorExtor */; };
/* End PBXBuildFile section */

/* Begin PBXFileReference section */
		334849C025FBD7AF005C0AC9 /* RootViewController.swift */ = {isa = PBXFileReference; lastKnownFileType = sourcecode.swift; path = RootViewController.swift; sourceTree = "<group>"; };
		339F021525FAD97B00BCD039 /* Image Zoom.app */ = {isa = PBXFileReference; explicitFileType = wrapper.application; includeInIndex = 0; path = "Image Zoom.app"; sourceTree = BUILT_PRODUCTS_DIR; };
		339F021825FAD97B00BCD039 /* AppDelegate.swift */ = {isa = PBXFileReference; lastKnownFileType = sourcecode.swift; path = AppDelegate.swift; sourceTree = "<group>"; };
		339F021A25FAD97B00BCD039 /* SceneDelegate.swift */ = {isa = PBXFileReference; lastKnownFileType = sourcecode.swift; path = SceneDelegate.swift; sourceTree = "<group>"; };
		339F021C25FAD97B00BCD039 /* ZoomyViewController.swift */ = {isa = PBXFileReference; lastKnownFileType = sourcecode.swift; path = ZoomyViewController.swift; sourceTree = "<group>"; };
		339F021F25FAD97B00BCD039 /* Base */ = {isa = PBXFileReference; lastKnownFileType = file.storyboard; name = Base; path = Base.lproj/Main.storyboard; sourceTree = "<group>"; };
		339F022125FAD97C00BCD039 /* Assets.xcassets */ = {isa = PBXFileReference; lastKnownFileType = folder.assetcatalog; path = Assets.xcassets; sourceTree = "<group>"; };
		339F022425FAD97C00BCD039 /* Base */ = {isa = PBXFileReference; lastKnownFileType = file.storyboard; name = Base; path = Base.lproj/LaunchScreen.storyboard; sourceTree = "<group>"; };
		339F022625FAD97C00BCD039 /* Info.plist */ = {isa = PBXFileReference; lastKnownFileType = text.plist.xml; path = Info.plist; sourceTree = "<group>"; };
		339F022D25FAE0B600BCD039 /* UIView+Constraint.swift */ = {isa = PBXFileReference; lastKnownFileType = sourcecode.swift; path = "UIView+Constraint.swift"; sourceTree = "<group>"; };
/* End PBXFileReference section */

/* Begin PBXFrameworksBuildPhase section */
		339F021225FAD97B00BCD039 /* Frameworks */ = {
			isa = PBXFrameworksBuildPhase;
			buildActionMask = 2147483647;
			files = (
				339F023225FAEDB800BCD039 /* VectorExtor in Frameworks */,
			);
			runOnlyForDeploymentPostprocessing = 0;
		};
/* End PBXFrameworksBuildPhase section */

/* Begin PBXGroup section */
		339F020C25FAD97B00BCD039 = {
			isa = PBXGroup;
			children = (
				339F021725FAD97B00BCD039 /* Image Zoom */,
				339F021625FAD97B00BCD039 /* Products */,
			);
			sourceTree = "<group>";
		};
		339F021625FAD97B00BCD039 /* Products */ = {
			isa = PBXGroup;
			children = (
				339F021525FAD97B00BCD039 /* Image Zoom.app */,
			);
			name = Products;
			sourceTree = "<group>";
		};
		339F021725FAD97B00BCD039 /* Image Zoom */ = {
			isa = PBXGroup;
			children = (
				339F021825FAD97B00BCD039 /* AppDelegate.swift */,
				339F021A25FAD97B00BCD039 /* SceneDelegate.swift */,
				339F021C25FAD97B00BCD039 /* ZoomyViewController.swift */,
				334849C025FBD7AF005C0AC9 /* RootViewController.swift */,
				339F022D25FAE0B600BCD039 /* UIView+Constraint.swift */,
				339F021E25FAD97B00BCD039 /* Main.storyboard */,
				339F022125FAD97C00BCD039 /* Assets.xcassets */,
				339F022325FAD97C00BCD039 /* LaunchScreen.storyboard */,
				339F022625FAD97C00BCD039 /* Info.plist */,
			);
			path = "Image Zoom";
			sourceTree = "<group>";
		};
/* End PBXGroup section */

/* Begin PBXNativeTarget section */
		339F021425FAD97B00BCD039 /* Image Zoom */ = {
			isa = PBXNativeTarget;
			buildConfigurationList = 339F022925FAD97C00BCD039 /* Build configuration list for PBXNativeTarget "Image Zoom" */;
			buildPhases = (
				339F021125FAD97B00BCD039 /* Sources */,
				339F021225FAD97B00BCD039 /* Frameworks */,
				339F021325FAD97B00BCD039 /* Resources */,
			);
			buildRules = (
			);
			dependencies = (
			);
			name = "Image Zoom";
			packageProductDependencies = (
				339F023125FAEDB800BCD039 /* VectorExtor */,
			);
			productName = "Image Zoom";
			productReference = 339F021525FAD97B00BCD039 /* Image Zoom.app */;
			productType = "com.apple.product-type.application";
		};
/* End PBXNativeTarget section */

/* Begin PBXProject section */
		339F020D25FAD97B00BCD039 /* Project object */ = {
			isa = PBXProject;
			attributes = {
				LastSwiftUpdateCheck = 1240;
				LastUpgradeCheck = 1240;
				TargetAttributes = {
					339F021425FAD97B00BCD039 = {
						CreatedOnToolsVersion = 12.4;
					};
				};
			};
			buildConfigurationList = 339F021025FAD97B00BCD039 /* Build configuration list for PBXProject "Image Zoom" */;
			compatibilityVersion = "Xcode 9.3";
			developmentRegion = en;
			hasScannedForEncodings = 0;
			knownRegions = (
				en,
				Base,
			);
			mainGroup = 339F020C25FAD97B00BCD039;
			packageReferences = (
				339F023025FAEDB800BCD039 /* XCRemoteSwiftPackageReference "VectorExtor" */,
			);
			productRefGroup = 339F021625FAD97B00BCD039 /* Products */;
			projectDirPath = "";
			projectRoot = "";
			targets = (
				339F021425FAD97B00BCD039 /* Image Zoom */,
			);
		};
/* End PBXProject section */

/* Begin PBXResourcesBuildPhase section */
		339F021325FAD97B00BCD039 /* Resources */ = {
			isa = PBXResourcesBuildPhase;
			buildActionMask = 2147483647;
			files = (
				339F022525FAD97C00BCD039 /* LaunchScreen.storyboard in Resources */,
				339F022225FAD97C00BCD039 /* Assets.xcassets in Resources */,
				339F022025FAD97B00BCD039 /* Main.storyboard in Resources */,
			);
			runOnlyForDeploymentPostprocessing = 0;
		};
/* End PBXResourcesBuildPhase section */

/* Begin PBXSourcesBuildPhase section */
		339F021125FAD97B00BCD039 /* Sources */ = {
			isa = PBXSourcesBuildPhase;
			buildActionMask = 2147483647;
			files = (
				334849C125FBD7AF005C0AC9 /* RootViewController.swift in Sources */,
				339F021D25FAD97B00BCD039 /* ZoomyViewController.swift in Sources */,
				339F021925FAD97B00BCD039 /* AppDelegate.swift in Sources */,
				339F021B25FAD97B00BCD039 /* SceneDelegate.swift in Sources */,
				339F022E25FAE0B600BCD039 /* UIView+Constraint.swift in Sources */,
			);
			runOnlyForDeploymentPostprocessing = 0;
		};
/* End PBXSourcesBuildPhase section */

/* Begin PBXVariantGroup section */
		339F021E25FAD97B00BCD039 /* Main.storyboard */ = {
			isa = PBXVariantGroup;
			children = (
				339F021F25FAD97B00BCD039 /* Base */,
			);
			name = Main.storyboard;
			sourceTree = "<group>";
		};
		339F022325FAD97C00BCD039 /* LaunchScreen.storyboard */ = {
			isa = PBXVariantGroup;
			children = (
				339F022425FAD97C00BCD039 /* Base */,
			);
			name = LaunchScreen.storyboard;
			sourceTree = "<group>";
		};
/* End PBXVariantGroup section */

/* Begin XCBuildConfiguration section */
		339F022725FAD97C00BCD039 /* Debug */ = {
			isa = XCBuildConfiguration;
			buildSettings = {
				ALWAYS_SEARCH_USER_PATHS = NO;
				CLANG_ANALYZER_NONNULL = YES;
				CLANG_ANALYZER_NUMBER_OBJECT_CONVERSION = YES_AGGRESSIVE;
				CLANG_CXX_LANGUAGE_STANDARD = "gnu++14";
				CLANG_CXX_LIBRARY = "libc++";
				CLANG_ENABLE_MODULES = YES;
				CLANG_ENABLE_OBJC_ARC = YES;
				CLANG_ENABLE_OBJC_WEAK = YES;
				CLANG_WARN_BLOCK_CAPTURE_AUTORELEASING = YES;
				CLANG_WARN_BOOL_CONVERSION = YES;
				CLANG_WARN_COMMA = YES;
				CLANG_WARN_CONSTANT_CONVERSION = YES;
				CLANG_WARN_DEPRECATED_OBJC_IMPLEMENTATIONS = YES;
				CLANG_WARN_DIRECT_OBJC_ISA_USAGE = YES_ERROR;
				CLANG_WARN_DOCUMENTATION_COMMENTS = YES;
				CLANG_WARN_EMPTY_BODY = YES;
				CLANG_WARN_ENUM_CONVERSION = YES;
				CLANG_WARN_INFINITE_RECURSION = YES;
				CLANG_WARN_INT_CONVERSION = YES;
				CLANG_WARN_NON_LITERAL_NULL_CONVERSION = YES;
				CLANG_WARN_OBJC_IMPLICIT_RETAIN_SELF = YES;
				CLANG_WARN_OBJC_LITERAL_CONVERSION = YES;
				CLANG_WARN_OBJC_ROOT_CLASS = YES_ERROR;
				CLANG_WARN_QUOTED_INCLUDE_IN_FRAMEWORK_HEADER = YES;
				CLANG_WARN_RANGE_LOOP_ANALYSIS = YES;
				CLANG_WARN_STRICT_PROTOTYPES = YES;
				CLANG_WARN_SUSPICIOUS_MOVE = YES;
				CLANG_WARN_UNGUARDED_AVAILABILITY = YES_AGGRESSIVE;
				CLANG_WARN_UNREACHABLE_CODE = YES;
				CLANG_WARN__DUPLICATE_METHOD_MATCH = YES;
				COPY_PHASE_STRIP = NO;
				DEBUG_INFORMATION_FORMAT = dwarf;
				ENABLE_STRICT_OBJC_MSGSEND = YES;
				ENABLE_TESTABILITY = YES;
				GCC_C_LANGUAGE_STANDARD = gnu11;
				GCC_DYNAMIC_NO_PIC = NO;
				GCC_NO_COMMON_BLOCKS = YES;
				GCC_OPTIMIZATION_LEVEL = 0;
				GCC_PREPROCESSOR_DEFINITIONS = (
					"DEBUG=1",
					"$(inherited)",
				);
				GCC_WARN_64_TO_32_BIT_CONVERSION = YES;
				GCC_WARN_ABOUT_RETURN_TYPE = YES_ERROR;
				GCC_WARN_UNDECLARED_SELECTOR = YES;
				GCC_WARN_UNINITIALIZED_AUTOS = YES_AGGRESSIVE;
				GCC_WARN_UNUSED_FUNCTION = YES;
				GCC_WARN_UNUSED_VARIABLE = YES;
				IPHONEOS_DEPLOYMENT_TARGET = 14.4;
				MTL_ENABLE_DEBUG_INFO = INCLUDE_SOURCE;
				MTL_FAST_MATH = YES;
				ONLY_ACTIVE_ARCH = YES;
				SDKROOT = iphoneos;
				SWIFT_ACTIVE_COMPILATION_CONDITIONS = DEBUG;
				SWIFT_OPTIMIZATION_LEVEL = "-Onone";
			};
			name = Debug;
		};
		339F022825FAD97C00BCD039 /* Release */ = {
			isa = XCBuildConfiguration;
			buildSettings = {
				ALWAYS_SEARCH_USER_PATHS = NO;
				CLANG_ANALYZER_NONNULL = YES;
				CLANG_ANALYZER_NUMBER_OBJECT_CONVERSION = YES_AGGRESSIVE;
				CLANG_CXX_LANGUAGE_STANDARD = "gnu++14";
				CLANG_CXX_LIBRARY = "libc++";
				CLANG_ENABLE_MODULES = YES;
				CLANG_ENABLE_OBJC_ARC = YES;
				CLANG_ENABLE_OBJC_WEAK = YES;
				CLANG_WARN_BLOCK_CAPTURE_AUTORELEASING = YES;
				CLANG_WARN_BOOL_CONVERSION = YES;
				CLANG_WARN_COMMA = YES;
				CLANG_WARN_CONSTANT_CONVERSION = YES;
				CLANG_WARN_DEPRECATED_OBJC_IMPLEMENTATIONS = YES;
				CLANG_WARN_DIRECT_OBJC_ISA_USAGE = YES_ERROR;
				CLANG_WARN_DOCUMENTATION_COMMENTS = YES;
				CLANG_WARN_EMPTY_BODY = YES;
				CLANG_WARN_ENUM_CONVERSION = YES;
				CLANG_WARN_INFINITE_RECURSION = YES;
				CLANG_WARN_INT_CONVERSION = YES;
				CLANG_WARN_NON_LITERAL_NULL_CONVERSION = YES;
				CLANG_WARN_OBJC_IMPLICIT_RETAIN_SELF = YES;
				CLANG_WARN_OBJC_LITERAL_CONVERSION = YES;
				CLANG_WARN_OBJC_ROOT_CLASS = YES_ERROR;
				CLANG_WARN_QUOTED_INCLUDE_IN_FRAMEWORK_HEADER = YES;
				CLANG_WARN_RANGE_LOOP_ANALYSIS = YES;
				CLANG_WARN_STRICT_PROTOTYPES = YES;
				CLANG_WARN_SUSPICIOUS_MOVE = YES;
				CLANG_WARN_UNGUARDED_AVAILABILITY = YES_AGGRESSIVE;
				CLANG_WARN_UNREACHABLE_CODE = YES;
				CLANG_WARN__DUPLICATE_METHOD_MATCH = YES;
				COPY_PHASE_STRIP = NO;
				DEBUG_INFORMATION_FORMAT = "dwarf-with-dsym";
				ENABLE_NS_ASSERTIONS = NO;
				ENABLE_STRICT_OBJC_MSGSEND = YES;
				GCC_C_LANGUAGE_STANDARD = gnu11;
				GCC_NO_COMMON_BLOCKS = YES;
				GCC_WARN_64_TO_32_BIT_CONVERSION = YES;
				GCC_WARN_ABOUT_RETURN_TYPE = YES_ERROR;
				GCC_WARN_UNDECLARED_SELECTOR = YES;
				GCC_WARN_UNINITIALIZED_AUTOS = YES_AGGRESSIVE;
				GCC_WARN_UNUSED_FUNCTION = YES;
				GCC_WARN_UNUSED_VARIABLE = YES;
				IPHONEOS_DEPLOYMENT_TARGET = 14.4;
				MTL_ENABLE_DEBUG_INFO = NO;
				MTL_FAST_MATH = YES;
				SDKROOT = iphoneos;
				SWIFT_COMPILATION_MODE = wholemodule;
				SWIFT_OPTIMIZATION_LEVEL = "-O";
				VALIDATE_PRODUCT = YES;
			};
			name = Release;
		};
		339F022A25FAD97C00BCD039 /* Debug */ = {
			isa = XCBuildConfiguration;
			buildSettings = {
				ASSETCATALOG_COMPILER_APPICON_NAME = AppIcon;
				ASSETCATALOG_COMPILER_GLOBAL_ACCENT_COLOR_NAME = AccentColor;
				CODE_SIGN_STYLE = Automatic;
				DEVELOPMENT_TEAM = L5UZAT7KA9;
				INFOPLIST_FILE = "Image Zoom/Info.plist";
				LD_RUNPATH_SEARCH_PATHS = (
					"$(inherited)",
					"@executable_path/Frameworks",
				);
				PRODUCT_BUNDLE_IDENTIFIER = "com.redeggproductions.Image-Zoom";
				PRODUCT_NAME = "$(TARGET_NAME)";
				SWIFT_VERSION = 5.0;
				TARGETED_DEVICE_FAMILY = "1,2";
			};
			name = Debug;
		};
		339F022B25FAD97C00BCD039 /* Release */ = {
			isa = XCBuildConfiguration;
			buildSettings = {
				ASSETCATALOG_COMPILER_APPICON_NAME = AppIcon;
				ASSETCATALOG_COMPILER_GLOBAL_ACCENT_COLOR_NAME = AccentColor;
				CODE_SIGN_STYLE = Automatic;
				DEVELOPMENT_TEAM = L5UZAT7KA9;
				INFOPLIST_FILE = "Image Zoom/Info.plist";
				LD_RUNPATH_SEARCH_PATHS = (
					"$(inherited)",
					"@executable_path/Frameworks",
				);
				PRODUCT_BUNDLE_IDENTIFIER = "com.redeggproductions.Image-Zoom";
				PRODUCT_NAME = "$(TARGET_NAME)";
				SWIFT_VERSION = 5.0;
				TARGETED_DEVICE_FAMILY = "1,2";
			};
			name = Release;
		};
/* End XCBuildConfiguration section */

/* Begin XCConfigurationList section */
		339F021025FAD97B00BCD039 /* Build configuration list for PBXProject "Image Zoom" */ = {
			isa = XCConfigurationList;
			buildConfigurations = (
				339F022725FAD97C00BCD039 /* Debug */,
				339F022825FAD97C00BCD039 /* Release */,
			);
			defaultConfigurationIsVisible = 0;
			defaultConfigurationName = Release;
		};
		339F022925FAD97C00BCD039 /* Build configuration list for PBXNativeTarget "Image Zoom" */ = {
			isa = XCConfigurationList;
			buildConfigurations = (
				339F022A25FAD97C00BCD039 /* Debug */,
				339F022B25FAD97C00BCD039 /* Release */,
			);
			defaultConfigurationIsVisible = 0;
			defaultConfigurationName = Release;
		};
/* End XCConfigurationList section */

/* Begin XCRemoteSwiftPackageReference section */
		339F023025FAEDB800BCD039 /* XCRemoteSwiftPackageReference "VectorExtor" */ = {
			isa = XCRemoteSwiftPackageReference;
			repositoryURL = "https://github.com/mredig/VectorExtor.git";
			requirement = {
				kind = upToNextMinorVersion;
				minimumVersion = 0.1.6;
			};
		};
/* End XCRemoteSwiftPackageReference section */

/* Begin XCSwiftPackageProductDependency section */
		339F023125FAEDB800BCD039 /* VectorExtor */ = {
			isa = XCSwiftPackageProductDependency;
			package = 339F023025FAEDB800BCD039 /* XCRemoteSwiftPackageReference "VectorExtor" */;
			productName = VectorExtor;
		};
/* End XCSwiftPackageProductDependency section */
	};
	rootObject = 339F020D25FAD97B00BCD039 /* Project object */;
}
